
Microsoft Visual Studio Solution File, Format Version 12.00
# Visual Studio 15
VisualStudioVersion = 15.0.28307.902
MinimumVisualStudioVersion = 10.0.40219.1
Project("{FAE04EC0-301F-11D3-BF4B-00C04F79EFBC}") = "RESTWithASPNET", "RESTWithASPNET\RESTWithASPNET.csproj", "{9A612E96-B317-472D-A481-95B43435EFA6}"
EndProject
Global
	GlobalSection(SolutionConfigurationPlatforms) = preSolution
		Debug|Any CPU = Debug|Any CPU
		Release|Any CPU = Release|Any CPU
	EndGlobalSection
	GlobalSection(ProjectConfigurationPlatforms) = postSolution
		{9A612E96-B317-472D-A481-95B43435EFA6}.Debug|Any CPU.ActiveCfg = Debug|Any CPU
		{9A612E96-B317-472D-A481-95B43435EFA6}.Debug|Any CPU.Build.0 = Debug|Any CPU
		{9A612E96-B317-472D-A481-95B43435EFA6}.Release|Any CPU.ActiveCfg = Release|Any CPU
		{9A612E96-B317-472D-A481-95B43435EFA6}.Release|Any CPU.Build.0 = Release|Any CPU
	EndGlobalSection
	GlobalSection(SolutionProperties) = preSolution
		HideSolutionNode = FALSE
	EndGlobalSection
	GlobalSection(ExtensibilityGlobals) = postSolution
		SolutionGuid = {68ED0549-2060-49C6-819F-1DB791BA0D4E}
	EndGlobalSection
EndGlobal
